{
  "requires": true,
  "lockfileVersion": 1,
  "dependencies": {
    "konva": {
      "version": "7.2.0",
      "resolved": "https://registry.npmjs.org/konva/-/konva-7.2.0.tgz",
      "integrity": "sha512-YgSNIV588TWZuVlgP9vD+/TpLIpyNAw3ZwhXGCSC/6wKVKo/z5rqWMedw9Mg8MhvvSLWlEFQXEMPbgNJLIHVgw=="
    }
  }
}
